// !$*UTF8*$!
{
	archiveVersion = 1;
	classes = {
	};
	objectVersion = 46;
	objects = {

/* Begin PBXBuildFile section */
		3FA8A6871E77D382000778BD /* AppDelegate.swift in Sources */ = {isa = PBXBuildFile; fileRef = 3FA8A6861E77D382000778BD /* AppDelegate.swift */; };
		3FA8A6891E77D382000778BD /* ViewController.swift in Sources */ = {isa = PBXBuildFile; fileRef = 3FA8A6881E77D382000778BD /* ViewController.swift */; };
		3FA8A68C1E77D382000778BD /* Main.storyboard in Resources */ = {isa = PBXBuildFile; fileRef = 3FA8A68A1E77D382000778BD /* Main.storyboard */; };
		3FA8A68E1E77D382000778BD /* Assets.xcassets in Resources */ = {isa = PBXBuildFile; fileRef = 3FA8A68D1E77D382000778BD /* Assets.xcassets */; };
		3FA8A6911E77D382000778BD /* LaunchScreen.storyboard in Resources */ = {isa = PBXBuildFile; fileRef = 3FA8A68F1E77D382000778BD /* LaunchScreen.storyboard */; };
		3FA8A69D1E77D3C4000778BD /* KSToken.swift in Sources */ = {isa = PBXBuildFile; fileRef = 3FA8A6991E77D3C4000778BD /* KSToken.swift */; };
		3FA8A69E1E77D3C4000778BD /* KSTokenField.swift in Sources */ = {isa = PBXBuildFile; fileRef = 3FA8A69A1E77D3C4000778BD /* KSTokenField.swift */; };
		3FA8A69F1E77D3C4000778BD /* KSTokenView.swift in Sources */ = {isa = PBXBuildFile; fileRef = 3FA8A69B1E77D3C4000778BD /* KSTokenView.swift */; };
		3FA8A6A01E77D3C4000778BD /* KSUtils.swift in Sources */ = {isa = PBXBuildFile; fileRef = 3FA8A69C1E77D3C4000778BD /* KSUtils.swift */; };
/* End PBXBuildFile section */

/* Begin PBXFileReference section */
		3FA8A6831E77D382000778BD /* TokenizingSample.app */ = {isa = PBXFileReference; explicitFileType = wrapper.application; includeInIndex = 0; path = TokenizingSample.app; sourceTree = BUILT_PRODUCTS_DIR; };
		3FA8A6861E77D382000778BD /* AppDelegate.swift */ = {isa = PBXFileReference; lastKnownFileType = sourcecode.swift; path = AppDelegate.swift; sourceTree = "<group>"; };
		3FA8A6881E77D382000778BD /* ViewController.swift */ = {isa = PBXFileReference; lastKnownFileType = sourcecode.swift; path = ViewController.swift; sourceTree = "<group>"; };
		3FA8A68B1E77D382000778BD /* Base */ = {isa = PBXFileReference; lastKnownFileType = file.storyboard; name = Base; path = Base.lproj/Main.storyboard; sourceTree = "<group>"; };
		3FA8A68D1E77D382000778BD /* Assets.xcassets */ = {isa = PBXFileReference; lastKnownFileType = folder.assetcatalog; path = Assets.xcassets; sourceTree = "<group>"; };
		3FA8A6901E77D382000778BD /* Base */ = {isa = PBXFileReference; lastKnownFileType = file.storyboard; name = Base; path = Base.lproj/LaunchScreen.storyboard; sourceTree = "<group>"; };
		3FA8A6921E77D382000778BD /* Info.plist */ = {isa = PBXFileReference; lastKnownFileType = text.plist.xml; path = Info.plist; sourceTree = "<group>"; };
		3FA8A6991E77D3C4000778BD /* KSToken.swift */ = {isa = PBXFileReference; fileEncoding = 4; lastKnownFileType = sourcecode.swift; path = KSToken.swift; sourceTree = "<group>"; };
		3FA8A69A1E77D3C4000778BD /* KSTokenField.swift */ = {isa = PBXFileReference; fileEncoding = 4; lastKnownFileType = sourcecode.swift; path = KSTokenField.swift; sourceTree = "<group>"; };
		3FA8A69B1E77D3C4000778BD /* KSTokenView.swift */ = {isa = PBXFileReference; fileEncoding = 4; lastKnownFileType = sourcecode.swift; path = KSTokenView.swift; sourceTree = "<group>"; };
		3FA8A69C1E77D3C4000778BD /* KSUtils.swift */ = {isa = PBXFileReference; fileEncoding = 4; lastKnownFileType = sourcecode.swift; path = KSUtils.swift; sourceTree = "<group>"; };
/* End PBXFileReference section */

/* Begin PBXFrameworksBuildPhase section */
		3FA8A6801E77D382000778BD /* Frameworks */ = {
			isa = PBXFrameworksBuildPhase;
			buildActionMask = 2147483647;
			files = (
			);
			runOnlyForDeploymentPostprocessing = 0;
		};
/* End PBXFrameworksBuildPhase section */

/* Begin PBXGroup section */
		3FA8A67A1E77D382000778BD = {
			isa = PBXGroup;
			children = (
				3FA8A6851E77D382000778BD /* TokenizingSample */,
				3FA8A6841E77D382000778BD /* Products */,
			);
			sourceTree = "<group>";
		};
		3FA8A6841E77D382000778BD /* Products */ = {
			isa = PBXGroup;
			children = (
				3FA8A6831E77D382000778BD /* TokenizingSample.app */,
			);
			name = Products;
			sourceTree = "<group>";
		};
		3FA8A6851E77D382000778BD /* TokenizingSample */ = {
			isa = PBXGroup;
			children = (
				3FA8A6981E77D3B7000778BD /* KSTokenView */,
				3FA8A6861E77D382000778BD /* AppDelegate.swift */,
				3FA8A6881E77D382000778BD /* ViewController.swift */,
				3FA8A68A1E77D382000778BD /* Main.storyboard */,
				3FA8A68D1E77D382000778BD /* Assets.xcassets */,
				3FA8A68F1E77D382000778BD /* LaunchScreen.storyboard */,
				3FA8A6921E77D382000778BD /* Info.plist */,
			);
			path = TokenizingSample;
			sourceTree = "<group>";
		};
		3FA8A6981E77D3B7000778BD /* KSTokenView */ = {
			isa = PBXGroup;
			children = (
				3FA8A6991E77D3C4000778BD /* KSToken.swift */,
				3FA8A69A1E77D3C4000778BD /* KSTokenField.swift */,
				3FA8A69B1E77D3C4000778BD /* KSTokenView.swift */,
				3FA8A69C1E77D3C4000778BD /* KSUtils.swift */,
			);
			name = KSTokenView;
			sourceTree = "<group>";
		};
/* End PBXGroup section */

/* Begin PBXNativeTarget section */
		3FA8A6821E77D382000778BD /* TokenizingSample */ = {
			isa = PBXNativeTarget;
			buildConfigurationList = 3FA8A6951E77D382000778BD /* Build configuration list for PBXNativeTarget "TokenizingSample" */;
			buildPhases = (
				3FA8A67F1E77D382000778BD /* Sources */,
				3FA8A6801E77D382000778BD /* Frameworks */,
				3FA8A6811E77D382000778BD /* Resources */,
			);
			buildRules = (
			);
			dependencies = (
			);
			name = TokenizingSample;
			productName = TokenizingSample;
			productReference = 3FA8A6831E77D382000778BD /* TokenizingSample.app */;
			productType = "com.apple.product-type.application";
		};
/* End PBXNativeTarget section */

/* Begin PBXProject section */
		3FA8A67B1E77D382000778BD /* Project object */ = {
			isa = PBXProject;
			attributes = {
				LastSwiftUpdateCheck = 0820;
				LastUpgradeCheck = 0820;
				ORGANIZATIONNAME = "Panfilo Mariano";
				TargetAttributes = {
					3FA8A6821E77D382000778BD = {
						CreatedOnToolsVersion = 8.2.1;
						DevelopmentTeam = 84K28RPLUW;
						ProvisioningStyle = Automatic;
					};
				};
			};
			buildConfigurationList = 3FA8A67E1E77D382000778BD /* Build configuration list for PBXProject "TokenizingSample" */;
			compatibilityVersion = "Xcode 3.2";
			developmentRegion = English;
			hasScannedForEncodings = 0;
			knownRegions = (
				en,
				Base,
			);
			mainGroup = 3FA8A67A1E77D382000778BD;
			productRefGroup = 3FA8A6841E77D382000778BD /* Products */;
			projectDirPath = "";
			projectRoot = "";
			targets = (
				3FA8A6821E77D382000778BD /* TokenizingSample */,
			);
		};
/* End PBXProject section */

/* Begin PBXResourcesBuildPhase section */
		3FA8A6811E77D382000778BD /* Resources */ = {
			isa = PBXResourcesBuildPhase;
			buildActionMask = 2147483647;
			files = (
				3FA8A6911E77D382000778BD /* LaunchScreen.storyboard in Resources */,
				3FA8A68E1E77D382000778BD /* Assets.xcassets in Resources */,
				3FA8A68C1E77D382000778BD /* Main.storyboard in Resources */,
			);
			runOnlyForDeploymentPostprocessing = 0;
		};
/* End PBXResourcesBuildPhase section */

/* Begin PBXSourcesBuildPhase section */
		3FA8A67F1E77D382000778BD /* Sources */ = {
			isa = PBXSourcesBuildPhase;
			buildActionMask = 2147483647;
			files = (
				3FA8A69E1E77D3C4000778BD /* KSTokenField.swift in Sources */,
				3FA8A6891E77D382000778BD /* ViewController.swift in Sources */,
				3FA8A6871E77D382000778BD /* AppDelegate.swift in Sources */,
				3FA8A6A01E77D3C4000778BD /* KSUtils.swift in Sources */,
				3FA8A69D1E77D3C4000778BD /* KSToken.swift in Sources */,
				3FA8A69F1E77D3C4000778BD /* KSTokenView.swift in Sources */,
			);
			runOnlyForDeploymentPostprocessing = 0;
		};
/* End PBXSourcesBuildPhase section */

/* Begin PBXVariantGroup section */
		3FA8A68A1E77D382000778BD /* Main.storyboard */ = {
			isa = PBXVariantGroup;
			children = (
				3FA8A68B1E77D382000778BD /* Base */,
			);
			name = Main.storyboard;
			sourceTree = "<group>";
		};
		3FA8A68F1E77D382000778BD /* LaunchScreen.storyboard */ = {
			isa = PBXVariantGroup;
			children = (
				3FA8A6901E77D382000778BD /* Base */,
			);
			name = LaunchScreen.storyboard;
			sourceTree = "<group>";
		};
/* End PBXVariantGroup section */

/* Begin XCBuildConfiguration section */
		3FA8A6931E77D382000778BD /* Debug */ = {
			isa = XCBuildConfiguration;
			buildSettings = {
				ALWAYS_SEARCH_USER_PATHS = NO;
				CLANG_ANALYZER_NONNULL = YES;
				CLANG_CXX_LANGUAGE_STANDARD = "gnu++0x";
				CLANG_CXX_LIBRARY = "libc++";
				CLANG_ENABLE_MODULES = YES;
				CLANG_ENABLE_OBJC_ARC = YES;
				CLANG_WARN_BOOL_CONVERSION = YES;
				CLANG_WARN_CONSTANT_CONVERSION = YES;
				CLANG_WARN_DIRECT_OBJC_ISA_USAGE = YES_ERROR;
				CLANG_WARN_DOCUMENTATION_COMMENTS = YES;
				CLANG_WARN_EMPTY_BODY = YES;
				CLANG_WARN_ENUM_CONVERSION = YES;
				CLANG_WARN_INFINITE_RECURSION = YES;
				CLANG_WARN_INT_CONVERSION = YES;
				CLANG_WARN_OBJC_ROOT_CLASS = YES_ERROR;
				CLANG_WARN_SUSPICIOUS_MOVE = YES;
				CLANG_WARN_UNREACHABLE_CODE = YES;
				CLANG_WARN__DUPLICATE_METHOD_MATCH = YES;
				"CODE_SIGN_IDENTITY[sdk=iphoneos*]" = "iPhone Developer";
				COPY_PHASE_STRIP = NO;
				DEBUG_INFORMATION_FORMAT = dwarf;
				ENABLE_STRICT_OBJC_MSGSEND = YES;
				ENABLE_TESTABILITY = YES;
				GCC_C_LANGUAGE_STANDARD = gnu99;
				GCC_DYNAMIC_NO_PIC = NO;
				GCC_NO_COMMON_BLOCKS = YES;
				GCC_OPTIMIZATION_LEVEL = 0;
				GCC_PREPROCESSOR_DEFINITIONS = (
					"DEBUG=1",
					"$(inherited)",
				);
				GCC_WARN_64_TO_32_BIT_CONVERSION = YES;
				GCC_WARN_ABOUT_RETURN_TYPE = YES_ERROR;
				GCC_WARN_UNDECLARED_SELECTOR = YES;
				GCC_WARN_UNINITIALIZED_AUTOS = YES_AGGRESSIVE;
				GCC_WARN_UNUSED_FUNCTION = YES;
				GCC_WARN_UNUSED_VARIABLE = YES;
				IPHONEOS_DEPLOYMENT_TARGET = 10.2;
				MTL_ENABLE_DEBUG_INFO = YES;
				ONLY_ACTIVE_ARCH = YES;
				SDKROOT = iphoneos;
				SWIFT_ACTIVE_COMPILATION_CONDITIONS = DEBUG;
				SWIFT_OPTIMIZATION_LEVEL = "-Onone";
			};
			name = Debug;
		};
		3FA8A6941E77D382000778BD /* Release */ = {
			isa = XCBuildConfiguration;
			buildSettings = {
				ALWAYS_SEARCH_USER_PATHS = NO;
				CLANG_ANALYZER_NONNULL = YES;
				CLANG_CXX_LANGUAGE_STANDARD = "gnu++0x";
				CLANG_CXX_LIBRARY = "libc++";
				CLANG_ENABLE_MODULES = YES;
				CLANG_ENABLE_OBJC_ARC = YES;
				CLANG_WARN_BOOL_CONVERSION = YES;
				CLANG_WARN_CONSTANT_CONVERSION = YES;
				CLANG_WARN_DIRECT_OBJC_ISA_USAGE = YES_ERROR;
				CLANG_WARN_DOCUMENTATION_COMMENTS = YES;
				CLANG_WARN_EMPTY_BODY = YES;
				CLANG_WARN_ENUM_CONVERSION = YES;
				CLANG_WARN_INFINITE_RECURSION = YES;
				CLANG_WARN_INT_CONVERSION = YES;
				CLANG_WARN_OBJC_ROOT_CLASS = YES_ERROR;
				CLANG_WARN_SUSPICIOUS_MOVE = YES;
				CLANG_WARN_UNREACHABLE_CODE = YES;
				CLANG_WARN__DUPLICATE_METHOD_MATCH = YES;
				"CODE_SIGN_IDENTITY[sdk=iphoneos*]" = "iPhone Developer";
				COPY_PHASE_STRIP = NO;
				DEBUG_INFORMATION_FORMAT = "dwarf-with-dsym";
				ENABLE_NS_ASSERTIONS = NO;
				ENABLE_STRICT_OBJC_MSGSEND = YES;
				GCC_C_LANGUAGE_STANDARD = gnu99;
				GCC_NO_COMMON_BLOCKS = YES;
				GCC_WARN_64_TO_32_BIT_CONVERSION = YES;
				GCC_WARN_ABOUT_RETURN_TYPE = YES_ERROR;
				GCC_WARN_UNDECLARED_SELECTOR = YES;
				GCC_WARN_UNINITIALIZED_AUTOS = YES_AGGRESSIVE;
				GCC_WARN_UNUSED_FUNCTION = YES;
				GCC_WARN_UNUSED_VARIABLE = YES;
				IPHONEOS_DEPLOYMENT_TARGET = 10.2;
				MTL_ENABLE_DEBUG_INFO = NO;
				SDKROOT = iphoneos;
				SWIFT_OPTIMIZATION_LEVEL = "-Owholemodule";
				VALIDATE_PRODUCT = YES;
			};
			name = Release;
		};
		3FA8A6961E77D382000778BD /* Debug */ = {
			isa = XCBuildConfiguration;
			buildSettings = {
				ASSETCATALOG_COMPILER_APPICON_NAME = AppIcon;
				DEVELOPMENT_TEAM = 84K28RPLUW;
				INFOPLIST_FILE = TokenizingSample/Info.plist;
				LD_RUNPATH_SEARCH_PATHS = "$(inherited) @executable_path/Frameworks";
				PRODUCT_BUNDLE_IDENTIFIER = com.clicksend.TokenizingSample;
				PRODUCT_NAME = "$(TARGET_NAME)";
				SWIFT_VERSION = 3.0;
			};
			name = Debug;
		};
		3FA8A6971E77D382000778BD /* Release */ = {
			isa = XCBuildConfiguration;
			buildSettings = {
				ASSETCATALOG_COMPILER_APPICON_NAME = AppIcon;
				DEVELOPMENT_TEAM = 84K28RPLUW;
				INFOPLIST_FILE = TokenizingSample/Info.plist;
				LD_RUNPATH_SEARCH_PATHS = "$(inherited) @executable_path/Frameworks";
				PRODUCT_BUNDLE_IDENTIFIER = com.clicksend.TokenizingSample;
				PRODUCT_NAME = "$(TARGET_NAME)";
				SWIFT_VERSION = 3.0;
			};
			name = Release;
		};
/* End XCBuildConfiguration section */

/* Begin XCConfigurationList section */
		3FA8A67E1E77D382000778BD /* Build configuration list for PBXProject "TokenizingSample" */ = {
			isa = XCConfigurationList;
			buildConfigurations = (
				3FA8A6931E77D382000778BD /* Debug */,
				3FA8A6941E77D382000778BD /* Release */,
			);
			defaultConfigurationIsVisible = 0;
			defaultConfigurationName = Release;
		};
		3FA8A6951E77D382000778BD /* Build configuration list for PBXNativeTarget "TokenizingSample" */ = {
			isa = XCConfigurationList;
			buildConfigurations = (
				3FA8A6961E77D382000778BD /* Debug */,
				3FA8A6971E77D382000778BD /* Release */,
			);
			defaultConfigurationIsVisible = 0;
		};
/* End XCConfigurationList section */
	};
	rootObject = 3FA8A67B1E77D382000778BD /* Project object */;
}
